// !$*UTF8*$!
{
	archiveVersion = 1;
	classes = {
	};
	objectVersion = 46;
	objects = {

/* Begin PBXBuildFile section */
		282906161E3D468C00C3A43E /* AppDelegate.swift in Sources */ = {isa = PBXBuildFile; fileRef = 282906151E3D468C00C3A43E /* AppDelegate.swift */; };
		282906181E3D468C00C3A43E /* FirstViewController.swift in Sources */ = {isa = PBXBuildFile; fileRef = 282906171E3D468C00C3A43E /* FirstViewController.swift */; };
		2829061A1E3D468C00C3A43E /* SecondViewController.swift in Sources */ = {isa = PBXBuildFile; fileRef = 282906191E3D468C00C3A43E /* SecondViewController.swift */; };
		2829061D1E3D468C00C3A43E /* Main.storyboard in Resources */ = {isa = PBXBuildFile; fileRef = 2829061B1E3D468C00C3A43E /* Main.storyboard */; };
		2829061F1E3D468C00C3A43E /* Assets.xcassets in Resources */ = {isa = PBXBuildFile; fileRef = 2829061E1E3D468C00C3A43E /* Assets.xcassets */; };
		282906221E3D468C00C3A43E /* LaunchScreen.storyboard in Resources */ = {isa = PBXBuildFile; fileRef = 282906201E3D468C00C3A43E /* LaunchScreen.storyboard */; };
		2829062D1E3D468C00C3A43E /* MyThyTests.swift in Sources */ = {isa = PBXBuildFile; fileRef = 2829062C1E3D468C00C3A43E /* MyThyTests.swift */; };
		282906381E3D468C00C3A43E /* MyThyUITests.swift in Sources */ = {isa = PBXBuildFile; fileRef = 282906371E3D468C00C3A43E /* MyThyUITests.swift */; };
		282906461E3D48C100C3A43E /* GoogleService-Info.plist in Resources */ = {isa = PBXBuildFile; fileRef = 282906451E3D48C100C3A43E /* GoogleService-Info.plist */; };
		2829064C1E3D4C0F00C3A43E /* LoginViewController.swift in Sources */ = {isa = PBXBuildFile; fileRef = 2829064B1E3D4C0F00C3A43E /* LoginViewController.swift */; };
		2829064E1E3D549100C3A43E /* ThirdViewController.swift in Sources */ = {isa = PBXBuildFile; fileRef = 2829064D1E3D549100C3A43E /* ThirdViewController.swift */; };
		33DEC740AFEDB680B214E79E /* Pods_MyThyTests.framework in Frameworks */ = {isa = PBXBuildFile; fileRef = CF5275F306894258821D9EAA /* Pods_MyThyTests.framework */; };
		9412957C1E2C956732546BFE /* Pods_MyThyUITests.framework in Frameworks */ = {isa = PBXBuildFile; fileRef = 95B519CA26FA790FE81619E4 /* Pods_MyThyUITests.framework */; };
		D0829B5FC1734477199BFFE2 /* Pods_MyThy.framework in Frameworks */ = {isa = PBXBuildFile; fileRef = 16E361DD0BF5251A8C3E439A /* Pods_MyThy.framework */; };
/* End PBXBuildFile section */

/* Begin PBXContainerItemProxy section */
		282906291E3D468C00C3A43E /* PBXContainerItemProxy */ = {
			isa = PBXContainerItemProxy;
			containerPortal = 2829060A1E3D468C00C3A43E /* Project object */;
			proxyType = 1;
			remoteGlobalIDString = 282906111E3D468C00C3A43E;
			remoteInfo = MyThy;
		};
		282906341E3D468C00C3A43E /* PBXContainerItemProxy */ = {
			isa = PBXContainerItemProxy;
			containerPortal = 2829060A1E3D468C00C3A43E /* Project object */;
			proxyType = 1;
			remoteGlobalIDString = 282906111E3D468C00C3A43E;
			remoteInfo = MyThy;
		};
/* End PBXContainerItemProxy section */

/* Begin PBXFileReference section */
		16E361DD0BF5251A8C3E439A /* Pods_MyThy.framework */ = {isa = PBXFileReference; explicitFileType = wrapper.framework; includeInIndex = 0; path = Pods_MyThy.framework; sourceTree = BUILT_PRODUCTS_DIR; };
		282906121E3D468C00C3A43E /* MyThy.app */ = {isa = PBXFileReference; explicitFileType = wrapper.application; includeInIndex = 0; path = MyThy.app; sourceTree = BUILT_PRODUCTS_DIR; };
		282906151E3D468C00C3A43E /* AppDelegate.swift */ = {isa = PBXFileReference; lastKnownFileType = sourcecode.swift; path = AppDelegate.swift; sourceTree = "<group>"; };
		282906171E3D468C00C3A43E /* FirstViewController.swift */ = {isa = PBXFileReference; lastKnownFileType = sourcecode.swift; path = FirstViewController.swift; sourceTree = "<group>"; };
		282906191E3D468C00C3A43E /* SecondViewController.swift */ = {isa = PBXFileReference; lastKnownFileType = sourcecode.swift; path = SecondViewController.swift; sourceTree = "<group>"; };
		2829061C1E3D468C00C3A43E /* Base */ = {isa = PBXFileReference; lastKnownFileType = file.storyboard; name = Base; path = Base.lproj/Main.storyboard; sourceTree = "<group>"; };
		2829061E1E3D468C00C3A43E /* Assets.xcassets */ = {isa = PBXFileReference; lastKnownFileType = folder.assetcatalog; path = Assets.xcassets; sourceTree = "<group>"; };
		282906211E3D468C00C3A43E /* Base */ = {isa = PBXFileReference; lastKnownFileType = file.storyboard; name = Base; path = Base.lproj/LaunchScreen.storyboard; sourceTree = "<group>"; };
		282906231E3D468C00C3A43E /* Info.plist */ = {isa = PBXFileReference; lastKnownFileType = text.plist.xml; path = Info.plist; sourceTree = "<group>"; };
		282906281E3D468C00C3A43E /* MyThyTests.xctest */ = {isa = PBXFileReference; explicitFileType = wrapper.cfbundle; includeInIndex = 0; path = MyThyTests.xctest; sourceTree = BUILT_PRODUCTS_DIR; };
		2829062C1E3D468C00C3A43E /* MyThyTests.swift */ = {isa = PBXFileReference; lastKnownFileType = sourcecode.swift; path = MyThyTests.swift; sourceTree = "<group>"; };
		2829062E1E3D468C00C3A43E /* Info.plist */ = {isa = PBXFileReference; lastKnownFileType = text.plist.xml; path = Info.plist; sourceTree = "<group>"; };
		282906331E3D468C00C3A43E /* MyThyUITests.xctest */ = {isa = PBXFileReference; explicitFileType = wrapper.cfbundle; includeInIndex = 0; path = MyThyUITests.xctest; sourceTree = BUILT_PRODUCTS_DIR; };
		282906371E3D468C00C3A43E /* MyThyUITests.swift */ = {isa = PBXFileReference; lastKnownFileType = sourcecode.swift; path = MyThyUITests.swift; sourceTree = "<group>"; };
		282906391E3D468C00C3A43E /* Info.plist */ = {isa = PBXFileReference; lastKnownFileType = text.plist.xml; path = Info.plist; sourceTree = "<group>"; };
		282906451E3D48C100C3A43E /* GoogleService-Info.plist */ = {isa = PBXFileReference; fileEncoding = 4; lastKnownFileType = text.plist.xml; path = "GoogleService-Info.plist"; sourceTree = "<group>"; };
		2829064B1E3D4C0F00C3A43E /* LoginViewController.swift */ = {isa = PBXFileReference; fileEncoding = 4; lastKnownFileType = sourcecode.swift; path = LoginViewController.swift; sourceTree = "<group>"; };
		2829064D1E3D549100C3A43E /* ThirdViewController.swift */ = {isa = PBXFileReference; fileEncoding = 4; lastKnownFileType = sourcecode.swift; path = ThirdViewController.swift; sourceTree = "<group>"; };
		689ABBBC33C8C8142F65A386 /* Pods-MyThyTests.debug.xcconfig */ = {isa = PBXFileReference; includeInIndex = 1; lastKnownFileType = text.xcconfig; name = "Pods-MyThyTests.debug.xcconfig"; path = "Pods/Target Support Files/Pods-MyThyTests/Pods-MyThyTests.debug.xcconfig"; sourceTree = "<group>"; };
		8334F84E46250B7938BC5FCF /* Pods-MyThy.release.xcconfig */ = {isa = PBXFileReference; includeInIndex = 1; lastKnownFileType = text.xcconfig; name = "Pods-MyThy.release.xcconfig"; path = "Pods/Target Support Files/Pods-MyThy/Pods-MyThy.release.xcconfig"; sourceTree = "<group>"; };
		95B519CA26FA790FE81619E4 /* Pods_MyThyUITests.framework */ = {isa = PBXFileReference; explicitFileType = wrapper.framework; includeInIndex = 0; path = Pods_MyThyUITests.framework; sourceTree = BUILT_PRODUCTS_DIR; };
		97D549B8301CA96364980242 /* Pods-MyThyUITests.release.xcconfig */ = {isa = PBXFileReference; includeInIndex = 1; lastKnownFileType = text.xcconfig; name = "Pods-MyThyUITests.release.xcconfig"; path = "Pods/Target Support Files/Pods-MyThyUITests/Pods-MyThyUITests.release.xcconfig"; sourceTree = "<group>"; };
		B19B01B67C77EFDE45DB5C19 /* Pods-MyThy.debug.xcconfig */ = {isa = PBXFileReference; includeInIndex = 1; lastKnownFileType = text.xcconfig; name = "Pods-MyThy.debug.xcconfig"; path = "Pods/Target Support Files/Pods-MyThy/Pods-MyThy.debug.xcconfig"; sourceTree = "<group>"; };
		CBEFCBAA108F7F839AA8AE5B /* Pods-MyThyUITests.debug.xcconfig */ = {isa = PBXFileReference; includeInIndex = 1; lastKnownFileType = text.xcconfig; name = "Pods-MyThyUITests.debug.xcconfig"; path = "Pods/Target Support Files/Pods-MyThyUITests/Pods-MyThyUITests.debug.xcconfig"; sourceTree = "<group>"; };
		CF5275F306894258821D9EAA /* Pods_MyThyTests.framework */ = {isa = PBXFileReference; explicitFileType = wrapper.framework; includeInIndex = 0; path = Pods_MyThyTests.framework; sourceTree = BUILT_PRODUCTS_DIR; };
		E8D001A69CF660627A962D5D /* Pods-MyThyTests.release.xcconfig */ = {isa = PBXFileReference; includeInIndex = 1; lastKnownFileType = text.xcconfig; name = "Pods-MyThyTests.release.xcconfig"; path = "Pods/Target Support Files/Pods-MyThyTests/Pods-MyThyTests.release.xcconfig"; sourceTree = "<group>"; };
/* End PBXFileReference section */

/* Begin PBXFrameworksBuildPhase section */
		2829060F1E3D468C00C3A43E /* Frameworks */ = {
			isa = PBXFrameworksBuildPhase;
			buildActionMask = 2147483647;
			files = (
				D0829B5FC1734477199BFFE2 /* Pods_MyThy.framework in Frameworks */,
			);
			runOnlyForDeploymentPostprocessing = 0;
		};
		282906251E3D468C00C3A43E /* Frameworks */ = {
			isa = PBXFrameworksBuildPhase;
			buildActionMask = 2147483647;
			files = (
				33DEC740AFEDB680B214E79E /* Pods_MyThyTests.framework in Frameworks */,
			);
			runOnlyForDeploymentPostprocessing = 0;
		};
		282906301E3D468C00C3A43E /* Frameworks */ = {
			isa = PBXFrameworksBuildPhase;
			buildActionMask = 2147483647;
			files = (
				9412957C1E2C956732546BFE /* Pods_MyThyUITests.framework in Frameworks */,
			);
			runOnlyForDeploymentPostprocessing = 0;
		};
/* End PBXFrameworksBuildPhase section */

/* Begin PBXGroup section */
		282906091E3D468C00C3A43E = {
			isa = PBXGroup;
			children = (
				282906141E3D468C00C3A43E /* MyThy */,
				2829062B1E3D468C00C3A43E /* MyThyTests */,
				282906361E3D468C00C3A43E /* MyThyUITests */,
				282906131E3D468C00C3A43E /* Products */,
				E0838464424E278E5DF87ACB /* Pods */,
				4D8F5EFCDDE636DCEE5C7C45 /* Frameworks */,
			);
			sourceTree = "<group>";
		};
		282906131E3D468C00C3A43E /* Products */ = {
			isa = PBXGroup;
			children = (
				282906121E3D468C00C3A43E /* MyThy.app */,
				282906281E3D468C00C3A43E /* MyThyTests.xctest */,
				282906331E3D468C00C3A43E /* MyThyUITests.xctest */,
			);
			name = Products;
			sourceTree = "<group>";
		};
		282906141E3D468C00C3A43E /* MyThy */ = {
			isa = PBXGroup;
			children = (
				2829064B1E3D4C0F00C3A43E /* LoginViewController.swift */,
				282906451E3D48C100C3A43E /* GoogleService-Info.plist */,
				282906151E3D468C00C3A43E /* AppDelegate.swift */,
				282906171E3D468C00C3A43E /* FirstViewController.swift */,
				282906191E3D468C00C3A43E /* SecondViewController.swift */,
				2829061B1E3D468C00C3A43E /* Main.storyboard */,
				2829061E1E3D468C00C3A43E /* Assets.xcassets */,
				282906201E3D468C00C3A43E /* LaunchScreen.storyboard */,
				282906231E3D468C00C3A43E /* Info.plist */,
				2829064D1E3D549100C3A43E /* ThirdViewController.swift */,
			);
			path = MyThy;
			sourceTree = "<group>";
		};
		2829062B1E3D468C00C3A43E /* MyThyTests */ = {
			isa = PBXGroup;
			children = (
				2829062C1E3D468C00C3A43E /* MyThyTests.swift */,
				2829062E1E3D468C00C3A43E /* Info.plist */,
			);
			path = MyThyTests;
			sourceTree = "<group>";
		};
		282906361E3D468C00C3A43E /* MyThyUITests */ = {
			isa = PBXGroup;
			children = (
				282906371E3D468C00C3A43E /* MyThyUITests.swift */,
				282906391E3D468C00C3A43E /* Info.plist */,
			);
			path = MyThyUITests;
			sourceTree = "<group>";
		};
		4D8F5EFCDDE636DCEE5C7C45 /* Frameworks */ = {
			isa = PBXGroup;
			children = (
				16E361DD0BF5251A8C3E439A /* Pods_MyThy.framework */,
				CF5275F306894258821D9EAA /* Pods_MyThyTests.framework */,
				95B519CA26FA790FE81619E4 /* Pods_MyThyUITests.framework */,
			);
			name = Frameworks;
			sourceTree = "<group>";
		};
		E0838464424E278E5DF87ACB /* Pods */ = {
			isa = PBXGroup;
			children = (
				B19B01B67C77EFDE45DB5C19 /* Pods-MyThy.debug.xcconfig */,
				8334F84E46250B7938BC5FCF /* Pods-MyThy.release.xcconfig */,
				689ABBBC33C8C8142F65A386 /* Pods-MyThyTests.debug.xcconfig */,
				E8D001A69CF660627A962D5D /* Pods-MyThyTests.release.xcconfig */,
				CBEFCBAA108F7F839AA8AE5B /* Pods-MyThyUITests.debug.xcconfig */,
				97D549B8301CA96364980242 /* Pods-MyThyUITests.release.xcconfig */,
			);
			name = Pods;
			sourceTree = "<group>";
		};
/* End PBXGroup section */

/* Begin PBXNativeTarget section */
		282906111E3D468C00C3A43E /* MyThy */ = {
			isa = PBXNativeTarget;
			buildConfigurationList = 2829063C1E3D468C00C3A43E /* Build configuration list for PBXNativeTarget "MyThy" */;
			buildPhases = (
				602424447DD26B7F9EA994F2 /* [CP] Check Pods Manifest.lock */,
				2829060E1E3D468C00C3A43E /* Sources */,
				2829060F1E3D468C00C3A43E /* Frameworks */,
				282906101E3D468C00C3A43E /* Resources */,
				1CB3B5C70699DF80EF85C9FD /* [CP] Embed Pods Frameworks */,
				BB93EB8FA636E7BD23003312 /* [CP] Copy Pods Resources */,
			);
			buildRules = (
			);
			dependencies = (
			);
			name = MyThy;
			productName = MyThy;
			productReference = 282906121E3D468C00C3A43E /* MyThy.app */;
			productType = "com.apple.product-type.application";
		};
		282906271E3D468C00C3A43E /* MyThyTests */ = {
			isa = PBXNativeTarget;
			buildConfigurationList = 2829063F1E3D468C00C3A43E /* Build configuration list for PBXNativeTarget "MyThyTests" */;
			buildPhases = (
				27F9704AF4DD9F473CF6DF16 /* [CP] Check Pods Manifest.lock */,
				282906241E3D468C00C3A43E /* Sources */,
				282906251E3D468C00C3A43E /* Frameworks */,
				282906261E3D468C00C3A43E /* Resources */,
				343732E1CFB114860BAD5DBF /* [CP] Embed Pods Frameworks */,
				68ACCB34D9CC5725DF27824B /* [CP] Copy Pods Resources */,
			);
			buildRules = (
			);
			dependencies = (
				2829062A1E3D468C00C3A43E /* PBXTargetDependency */,
			);
			name = MyThyTests;
			productName = MyThyTests;
			productReference = 282906281E3D468C00C3A43E /* MyThyTests.xctest */;
			productType = "com.apple.product-type.bundle.unit-test";
		};
		282906321E3D468C00C3A43E /* MyThyUITests */ = {
			isa = PBXNativeTarget;
			buildConfigurationList = 282906421E3D468C00C3A43E /* Build configuration list for PBXNativeTarget "MyThyUITests" */;
			buildPhases = (
				20D3764D3209150077530283 /* [CP] Check Pods Manifest.lock */,
				2829062F1E3D468C00C3A43E /* Sources */,
				282906301E3D468C00C3A43E /* Frameworks */,
				282906311E3D468C00C3A43E /* Resources */,
				B1DD6A166A78343C21211D3B /* [CP] Embed Pods Frameworks */,
				B4ED89E87B9C707C67D06465 /* [CP] Copy Pods Resources */,
			);
			buildRules = (
			);
			dependencies = (
				282906351E3D468C00C3A43E /* PBXTargetDependency */,
			);
			name = MyThyUITests;
			productName = MyThyUITests;
			productReference = 282906331E3D468C00C3A43E /* MyThyUITests.xctest */;
			productType = "com.apple.product-type.bundle.ui-testing";
		};
/* End PBXNativeTarget section */

/* Begin PBXProject section */
		2829060A1E3D468C00C3A43E /* Project object */ = {
			isa = PBXProject;
			attributes = {
				LastSwiftUpdateCheck = 0820;
				LastUpgradeCheck = 0820;
				ORGANIZATIONNAME = "matt rooney";
				TargetAttributes = {
					282906111E3D468C00C3A43E = {
						CreatedOnToolsVersion = 8.2.1;
						DevelopmentTeam = 3VA9LD8KWM;
						ProvisioningStyle = Automatic;
					};
					282906271E3D468C00C3A43E = {
						CreatedOnToolsVersion = 8.2.1;
						DevelopmentTeam = 3VA9LD8KWM;
						ProvisioningStyle = Automatic;
						TestTargetID = 282906111E3D468C00C3A43E;
					};
					282906321E3D468C00C3A43E = {
						CreatedOnToolsVersion = 8.2.1;
						DevelopmentTeam = 3VA9LD8KWM;
						ProvisioningStyle = Automatic;
						TestTargetID = 282906111E3D468C00C3A43E;
					};
				};
			};
			buildConfigurationList = 2829060D1E3D468C00C3A43E /* Build configuration list for PBXProject "MyThy" */;
			compatibilityVersion = "Xcode 3.2";
			developmentRegion = English;
			hasScannedForEncodings = 0;
			knownRegions = (
				en,
				Base,
			);
			mainGroup = 282906091E3D468C00C3A43E;
			productRefGroup = 282906131E3D468C00C3A43E /* Products */;
			projectDirPath = "";
			projectRoot = "";
			targets = (
				282906111E3D468C00C3A43E /* MyThy */,
				282906271E3D468C00C3A43E /* MyThyTests */,
				282906321E3D468C00C3A43E /* MyThyUITests */,
			);
		};
/* End PBXProject section */

/* Begin PBXResourcesBuildPhase section */
		282906101E3D468C00C3A43E /* Resources */ = {
			isa = PBXResourcesBuildPhase;
			buildActionMask = 2147483647;
			files = (
				282906221E3D468C00C3A43E /* LaunchScreen.storyboard in Resources */,
				282906461E3D48C100C3A43E /* GoogleService-Info.plist in Resources */,
				2829061F1E3D468C00C3A43E /* Assets.xcassets in Resources */,
				2829061D1E3D468C00C3A43E /* Main.storyboard in Resources */,
			);
			runOnlyForDeploymentPostprocessing = 0;
		};
		282906261E3D468C00C3A43E /* Resources */ = {
			isa = PBXResourcesBuildPhase;
			buildActionMask = 2147483647;
			files = (
			);
			runOnlyForDeploymentPostprocessing = 0;
		};
		282906311E3D468C00C3A43E /* Resources */ = {
			isa = PBXResourcesBuildPhase;
			buildActionMask = 2147483647;
			files = (
			);
			runOnlyForDeploymentPostprocessing = 0;
		};
/* End PBXResourcesBuildPhase section */

/* Begin PBXShellScriptBuildPhase section */
		1CB3B5C70699DF80EF85C9FD /* [CP] Embed Pods Frameworks */ = {
			isa = PBXShellScriptBuildPhase;
			buildActionMask = 2147483647;
			files = (
			);
			inputPaths = (
			);
			name = "[CP] Embed Pods Frameworks";
			outputPaths = (
			);
			runOnlyForDeploymentPostprocessing = 0;
			shellPath = /bin/sh;
			shellScript = "\"${SRCROOT}/Pods/Target Support Files/Pods-MyThy/Pods-MyThy-frameworks.sh\"\n";
			showEnvVarsInLog = 0;
		};
		20D3764D3209150077530283 /* [CP] Check Pods Manifest.lock */ = {
			isa = PBXShellScriptBuildPhase;
			buildActionMask = 2147483647;
			files = (
			);
			inputPaths = (
			);
			name = "[CP] Check Pods Manifest.lock";
			outputPaths = (
			);
			runOnlyForDeploymentPostprocessing = 0;
			shellPath = /bin/sh;
			shellScript = "diff \"${PODS_ROOT}/../Podfile.lock\" \"${PODS_ROOT}/Manifest.lock\" > /dev/null\nif [ $? != 0 ] ; then\n    # print error to STDERR\n    echo \"error: The sandbox is not in sync with the Podfile.lock. Run 'pod install' or update your CocoaPods installation.\" >&2\n    exit 1\nfi\n";
			showEnvVarsInLog = 0;
		};
		27F9704AF4DD9F473CF6DF16 /* [CP] Check Pods Manifest.lock */ = {
			isa = PBXShellScriptBuildPhase;
			buildActionMask = 2147483647;
			files = (
			);
			inputPaths = (
			);
			name = "[CP] Check Pods Manifest.lock";
			outputPaths = (
			);
			runOnlyForDeploymentPostprocessing = 0;
			shellPath = /bin/sh;
			shellScript = "diff \"${PODS_ROOT}/../Podfile.lock\" \"${PODS_ROOT}/Manifest.lock\" > /dev/null\nif [ $? != 0 ] ; then\n    # print error to STDERR\n    echo \"error: The sandbox is not in sync with the Podfile.lock. Run 'pod install' or update your CocoaPods installation.\" >&2\n    exit 1\nfi\n";
			showEnvVarsInLog = 0;
		};
		343732E1CFB114860BAD5DBF /* [CP] Embed Pods Frameworks */ = {
			isa = PBXShellScriptBuildPhase;
			buildActionMask = 2147483647;
			files = (
			);
			inputPaths = (
			);
			name = "[CP] Embed Pods Frameworks";
			outputPaths = (
			);
			runOnlyForDeploymentPostprocessing = 0;
			shellPath = /bin/sh;
			shellScript = "\"${SRCROOT}/Pods/Target Support Files/Pods-MyThyTests/Pods-MyThyTests-frameworks.sh\"\n";
			showEnvVarsInLog = 0;
		};
		602424447DD26B7F9EA994F2 /* [CP] Check Pods Manifest.lock */ = {
			isa = PBXShellScriptBuildPhase;
			buildActionMask = 2147483647;
			files = (
			);
			inputPaths = (
			);
			name = "[CP] Check Pods Manifest.lock";
			outputPaths = (
			);
			runOnlyForDeploymentPostprocessing = 0;
			shellPath = /bin/sh;
			shellScript = "diff \"${PODS_ROOT}/../Podfile.lock\" \"${PODS_ROOT}/Manifest.lock\" > /dev/null\nif [ $? != 0 ] ; then\n    # print error to STDERR\n    echo \"error: The sandbox is not in sync with the Podfile.lock. Run 'pod install' or update your CocoaPods installation.\" >&2\n    exit 1\nfi\n";
			showEnvVarsInLog = 0;
		};
		68ACCB34D9CC5725DF27824B /* [CP] Copy Pods Resources */ = {
			isa = PBXShellScriptBuildPhase;
			buildActionMask = 2147483647;
			files = (
			);
			inputPaths = (
			);
			name = "[CP] Copy Pods Resources";
			outputPaths = (
			);
			runOnlyForDeploymentPostprocessing = 0;
			shellPath = /bin/sh;
			shellScript = "\"${SRCROOT}/Pods/Target Support Files/Pods-MyThyTests/Pods-MyThyTests-resources.sh\"\n";
			showEnvVarsInLog = 0;
		};
		B1DD6A166A78343C21211D3B /* [CP] Embed Pods Frameworks */ = {
			isa = PBXShellScriptBuildPhase;
			buildActionMask = 2147483647;
			files = (
			);
			inputPaths = (
			);
			name = "[CP] Embed Pods Frameworks";
			outputPaths = (
			);
			runOnlyForDeploymentPostprocessing = 0;
			shellPath = /bin/sh;
			shellScript = "\"${SRCROOT}/Pods/Target Support Files/Pods-MyThyUITests/Pods-MyThyUITests-frameworks.sh\"\n";
			showEnvVarsInLog = 0;
		};
		B4ED89E87B9C707C67D06465 /* [CP] Copy Pods Resources */ = {
			isa = PBXShellScriptBuildPhase;
			buildActionMask = 2147483647;
			files = (
			);
			inputPaths = (
			);
			name = "[CP] Copy Pods Resources";
			outputPaths = (
			);
			runOnlyForDeploymentPostprocessing = 0;
			shellPath = /bin/sh;
			shellScript = "\"${SRCROOT}/Pods/Target Support Files/Pods-MyThyUITests/Pods-MyThyUITests-resources.sh\"\n";
			showEnvVarsInLog = 0;
		};
		BB93EB8FA636E7BD23003312 /* [CP] Copy Pods Resources */ = {
			isa = PBXShellScriptBuildPhase;
			buildActionMask = 2147483647;
			files = (
			);
			inputPaths = (
			);
			name = "[CP] Copy Pods Resources";
			outputPaths = (
			);
			runOnlyForDeploymentPostprocessing = 0;
			shellPath = /bin/sh;
			shellScript = "\"${SRCROOT}/Pods/Target Support Files/Pods-MyThy/Pods-MyThy-resources.sh\"\n";
			showEnvVarsInLog = 0;
		};
/* End PBXShellScriptBuildPhase section */

/* Begin PBXSourcesBuildPhase section */
		2829060E1E3D468C00C3A43E /* Sources */ = {
			isa = PBXSourcesBuildPhase;
			buildActionMask = 2147483647;
			files = (
				2829064C1E3D4C0F00C3A43E /* LoginViewController.swift in Sources */,
				2829061A1E3D468C00C3A43E /* SecondViewController.swift in Sources */,
				2829064E1E3D549100C3A43E /* ThirdViewController.swift in Sources */,
				282906161E3D468C00C3A43E /* AppDelegate.swift in Sources */,
				282906181E3D468C00C3A43E /* FirstViewController.swift in Sources */,
			);
			runOnlyForDeploymentPostprocessing = 0;
		};
		282906241E3D468C00C3A43E /* Sources */ = {
			isa = PBXSourcesBuildPhase;
			buildActionMask = 2147483647;
			files = (
				2829062D1E3D468C00C3A43E /* MyThyTests.swift in Sources */,
			);
			runOnlyForDeploymentPostprocessing = 0;
		};
		2829062F1E3D468C00C3A43E /* Sources */ = {
			isa = PBXSourcesBuildPhase;
			buildActionMask = 2147483647;
			files = (
				282906381E3D468C00C3A43E /* MyThyUITests.swift in Sources */,
			);
			runOnlyForDeploymentPostprocessing = 0;
		};
/* End PBXSourcesBuildPhase section */

/* Begin PBXTargetDependency section */
		2829062A1E3D468C00C3A43E /* PBXTargetDependency */ = {
			isa = PBXTargetDependency;
			target = 282906111E3D468C00C3A43E /* MyThy */;
			targetProxy = 282906291E3D468C00C3A43E /* PBXContainerItemProxy */;
		};
		282906351E3D468C00C3A43E /* PBXTargetDependency */ = {
			isa = PBXTargetDependency;
			target = 282906111E3D468C00C3A43E /* MyThy */;
			targetProxy = 282906341E3D468C00C3A43E /* PBXContainerItemProxy */;
		};
/* End PBXTargetDependency section */

/* Begin PBXVariantGroup section */
		2829061B1E3D468C00C3A43E /* Main.storyboard */ = {
			isa = PBXVariantGroup;
			children = (
				2829061C1E3D468C00C3A43E /* Base */,
			);
			name = Main.storyboard;
			sourceTree = "<group>";
		};
		282906201E3D468C00C3A43E /* LaunchScreen.storyboard */ = {
			isa = PBXVariantGroup;
			children = (
				282906211E3D468C00C3A43E /* Base */,
			);
			name = LaunchScreen.storyboard;
			sourceTree = "<group>";
		};
/* End PBXVariantGroup section */

/* Begin XCBuildConfiguration section */
		2829063A1E3D468C00C3A43E /* Debug */ = {
			isa = XCBuildConfiguration;
			buildSettings = {
				ALWAYS_SEARCH_USER_PATHS = NO;
				CLANG_ANALYZER_NONNULL = YES;
				CLANG_CXX_LANGUAGE_STANDARD = "gnu++0x";
				CLANG_CXX_LIBRARY = "libc++";
				CLANG_ENABLE_MODULES = YES;
				CLANG_ENABLE_OBJC_ARC = YES;
				CLANG_WARN_BOOL_CONVERSION = YES;
				CLANG_WARN_CONSTANT_CONVERSION = YES;
				CLANG_WARN_DIRECT_OBJC_ISA_USAGE = YES_ERROR;
				CLANG_WARN_DOCUMENTATION_COMMENTS = YES;
				CLANG_WARN_EMPTY_BODY = YES;
				CLANG_WARN_ENUM_CONVERSION = YES;
				CLANG_WARN_INFINITE_RECURSION = YES;
				CLANG_WARN_INT_CONVERSION = YES;
				CLANG_WARN_OBJC_ROOT_CLASS = YES_ERROR;
				CLANG_WARN_SUSPICIOUS_MOVE = YES;
				CLANG_WARN_UNREACHABLE_CODE = YES;
				CLANG_WARN__DUPLICATE_METHOD_MATCH = YES;
				"CODE_SIGN_IDENTITY[sdk=iphoneos*]" = "iPhone Developer";
				COPY_PHASE_STRIP = NO;
				DEBUG_INFORMATION_FORMAT = dwarf;
				ENABLE_STRICT_OBJC_MSGSEND = YES;
				ENABLE_TESTABILITY = YES;
				GCC_C_LANGUAGE_STANDARD = gnu99;
				GCC_DYNAMIC_NO_PIC = NO;
				GCC_NO_COMMON_BLOCKS = YES;
				GCC_OPTIMIZATION_LEVEL = 0;
				GCC_PREPROCESSOR_DEFINITIONS = (
					"DEBUG=1",
					"$(inherited)",
				);
				GCC_WARN_64_TO_32_BIT_CONVERSION = YES;
				GCC_WARN_ABOUT_RETURN_TYPE = YES_ERROR;
				GCC_WARN_UNDECLARED_SELECTOR = YES;
				GCC_WARN_UNINITIALIZED_AUTOS = YES_AGGRESSIVE;
				GCC_WARN_UNUSED_FUNCTION = YES;
				GCC_WARN_UNUSED_VARIABLE = YES;
				IPHONEOS_DEPLOYMENT_TARGET = 10.2;
				MTL_ENABLE_DEBUG_INFO = YES;
				ONLY_ACTIVE_ARCH = YES;
				SDKROOT = iphoneos;
				SWIFT_ACTIVE_COMPILATION_CONDITIONS = DEBUG;
				SWIFT_OPTIMIZATION_LEVEL = "-Onone";
				TARGETED_DEVICE_FAMILY = "1,2";
			};
			name = Debug;
		};
		2829063B1E3D468C00C3A43E /* Release */ = {
			isa = XCBuildConfiguration;
			buildSettings = {
				ALWAYS_SEARCH_USER_PATHS = NO;
				CLANG_ANALYZER_NONNULL = YES;
				CLANG_CXX_LANGUAGE_STANDARD = "gnu++0x";
				CLANG_CXX_LIBRARY = "libc++";
				CLANG_ENABLE_MODULES = YES;
				CLANG_ENABLE_OBJC_ARC = YES;
				CLANG_WARN_BOOL_CONVERSION = YES;
				CLANG_WARN_CONSTANT_CONVERSION = YES;
				CLANG_WARN_DIRECT_OBJC_ISA_USAGE = YES_ERROR;
				CLANG_WARN_DOCUMENTATION_COMMENTS = YES;
				CLANG_WARN_EMPTY_BODY = YES;
				CLANG_WARN_ENUM_CONVERSION = YES;
				CLANG_WARN_INFINITE_RECURSION = YES;
				CLANG_WARN_INT_CONVERSION = YES;
				CLANG_WARN_OBJC_ROOT_CLASS = YES_ERROR;
				CLANG_WARN_SUSPICIOUS_MOVE = YES;
				CLANG_WARN_UNREACHABLE_CODE = YES;
				CLANG_WARN__DUPLICATE_METHOD_MATCH = YES;
				"CODE_SIGN_IDENTITY[sdk=iphoneos*]" = "iPhone Developer";
				COPY_PHASE_STRIP = NO;
				DEBUG_INFORMATION_FORMAT = "dwarf-with-dsym";
				ENABLE_NS_ASSERTIONS = NO;
				ENABLE_STRICT_OBJC_MSGSEND = YES;
				GCC_C_LANGUAGE_STANDARD = gnu99;
				GCC_NO_COMMON_BLOCKS = YES;
				GCC_WARN_64_TO_32_BIT_CONVERSION = YES;
				GCC_WARN_ABOUT_RETURN_TYPE = YES_ERROR;
				GCC_WARN_UNDECLARED_SELECTOR = YES;
				GCC_WARN_UNINITIALIZED_AUTOS = YES_AGGRESSIVE;
				GCC_WARN_UNUSED_FUNCTION = YES;
				GCC_WARN_UNUSED_VARIABLE = YES;
				IPHONEOS_DEPLOYMENT_TARGET = 10.2;
				MTL_ENABLE_DEBUG_INFO = NO;
				SDKROOT = iphoneos;
				SWIFT_OPTIMIZATION_LEVEL = "-Owholemodule";
				TARGETED_DEVICE_FAMILY = "1,2";
				VALIDATE_PRODUCT = YES;
			};
			name = Release;
		};
		2829063D1E3D468C00C3A43E /* Debug */ = {
			isa = XCBuildConfiguration;
			baseConfigurationReference = B19B01B67C77EFDE45DB5C19 /* Pods-MyThy.debug.xcconfig */;
			buildSettings = {
				ASSETCATALOG_COMPILER_APPICON_NAME = AppIcon;
				DEVELOPMENT_TEAM = 3VA9LD8KWM;
				INFOPLIST_FILE = MyThy/Info.plist;
				LD_RUNPATH_SEARCH_PATHS = "$(inherited) @executable_path/Frameworks";
				PRODUCT_BUNDLE_IDENTIFIER = com.mroodev.MyThy;
				PRODUCT_NAME = "$(TARGET_NAME)";
				SWIFT_VERSION = 3.0;
			};
			name = Debug;
		};
		2829063E1E3D468C00C3A43E /* Release */ = {
			isa = XCBuildConfiguration;
			baseConfigurationReference = 8334F84E46250B7938BC5FCF /* Pods-MyThy.release.xcconfig */;
			buildSettings = {
				ASSETCATALOG_COMPILER_APPICON_NAME = AppIcon;
				DEVELOPMENT_TEAM = 3VA9LD8KWM;
				INFOPLIST_FILE = MyThy/Info.plist;
				LD_RUNPATH_SEARCH_PATHS = "$(inherited) @executable_path/Frameworks";
				PRODUCT_BUNDLE_IDENTIFIER = com.mroodev.MyThy;
				PRODUCT_NAME = "$(TARGET_NAME)";
				SWIFT_VERSION = 3.0;
			};
			name = Release;
		};
		282906401E3D468C00C3A43E /* Debug */ = {
			isa = XCBuildConfiguration;
			baseConfigurationReference = 689ABBBC33C8C8142F65A386 /* Pods-MyThyTests.debug.xcconfig */;
			buildSettings = {
				ALWAYS_EMBED_SWIFT_STANDARD_LIBRARIES = YES;
				BUNDLE_LOADER = "$(TEST_HOST)";
				DEVELOPMENT_TEAM = 3VA9LD8KWM;
				INFOPLIST_FILE = MyThyTests/Info.plist;
				LD_RUNPATH_SEARCH_PATHS = "$(inherited) @executable_path/Frameworks @loader_path/Frameworks";
				PRODUCT_BUNDLE_IDENTIFIER = com.mroodev.MyThyTests;
				PRODUCT_NAME = "$(TARGET_NAME)";
				SWIFT_VERSION = 3.0;
				TEST_HOST = "$(BUILT_PRODUCTS_DIR)/MyThy.app/MyThy";
			};
			name = Debug;
		};
		282906411E3D468C00C3A43E /* Release */ = {
			isa = XCBuildConfiguration;
			baseConfigurationReference = E8D001A69CF660627A962D5D /* Pods-MyThyTests.release.xcconfig */;
			buildSettings = {
				ALWAYS_EMBED_SWIFT_STANDARD_LIBRARIES = YES;
				BUNDLE_LOADER = "$(TEST_HOST)";
				DEVELOPMENT_TEAM = 3VA9LD8KWM;
				INFOPLIST_FILE = MyThyTests/Info.plist;
				LD_RUNPATH_SEARCH_PATHS = "$(inherited) @executable_path/Frameworks @loader_path/Frameworks";
				PRODUCT_BUNDLE_IDENTIFIER = com.mroodev.MyThyTests;
				PRODUCT_NAME = "$(TARGET_NAME)";
				SWIFT_VERSION = 3.0;
				TEST_HOST = "$(BUILT_PRODUCTS_DIR)/MyThy.app/MyThy";
			};
			name = Release;
		};
		282906431E3D468C00C3A43E /* Debug */ = {
			isa = XCBuildConfiguration;
			baseConfigurationReference = CBEFCBAA108F7F839AA8AE5B /* Pods-MyThyUITests.debug.xcconfig */;
			buildSettings = {
				ALWAYS_EMBED_SWIFT_STANDARD_LIBRARIES = YES;
				DEVELOPMENT_TEAM = 3VA9LD8KWM;
				INFOPLIST_FILE = MyThyUITests/Info.plist;
				LD_RUNPATH_SEARCH_PATHS = "$(inherited) @executable_path/Frameworks @loader_path/Frameworks";
				PRODUCT_BUNDLE_IDENTIFIER = com.mroodev.MyThyUITests;
				PRODUCT_NAME = "$(TARGET_NAME)";
				SWIFT_VERSION = 3.0;
				TEST_TARGET_NAME = MyThy;
			};
			name = Debug;
		};
		282906441E3D468C00C3A43E /* Release */ = {
			isa = XCBuildConfiguration;
			baseConfigurationReference = 97D549B8301CA96364980242 /* Pods-MyThyUITests.release.xcconfig */;
			buildSettings = {
				ALWAYS_EMBED_SWIFT_STANDARD_LIBRARIES = YES;
				DEVELOPMENT_TEAM = 3VA9LD8KWM;
				INFOPLIST_FILE = MyThyUITests/Info.plist;
				LD_RUNPATH_SEARCH_PATHS = "$(inherited) @executable_path/Frameworks @loader_path/Frameworks";
				PRODUCT_BUNDLE_IDENTIFIER = com.mroodev.MyThyUITests;
				PRODUCT_NAME = "$(TARGET_NAME)";
				SWIFT_VERSION = 3.0;
				TEST_TARGET_NAME = MyThy;
			};
			name = Release;
		};
/* End XCBuildConfiguration section */

/* Begin XCConfigurationList section */
		2829060D1E3D468C00C3A43E /* Build configuration list for PBXProject "MyThy" */ = {
			isa = XCConfigurationList;
			buildConfigurations = (
				2829063A1E3D468C00C3A43E /* Debug */,
				2829063B1E3D468C00C3A43E /* Release */,
			);
			defaultConfigurationIsVisible = 0;
			defaultConfigurationName = Release;
		};
		2829063C1E3D468C00C3A43E /* Build configuration list for PBXNativeTarget "MyThy" */ = {
			isa = XCConfigurationList;
			buildConfigurations = (
				2829063D1E3D468C00C3A43E /* Debug */,
				2829063E1E3D468C00C3A43E /* Release */,
			);
			defaultConfigurationIsVisible = 0;
			defaultConfigurationName = Release;
		};
		2829063F1E3D468C00C3A43E /* Build configuration list for PBXNativeTarget "MyThyTests" */ = {
			isa = XCConfigurationList;
			buildConfigurations = (
				282906401E3D468C00C3A43E /* Debug */,
				282906411E3D468C00C3A43E /* Release */,
			);
			defaultConfigurationIsVisible = 0;
			defaultConfigurationName = Release;
		};
		282906421E3D468C00C3A43E /* Build configuration list for PBXNativeTarget "MyThyUITests" */ = {
			isa = XCConfigurationList;
			buildConfigurations = (
				282906431E3D468C00C3A43E /* Debug */,
				282906441E3D468C00C3A43E /* Release */,
			);
			defaultConfigurationIsVisible = 0;
			defaultConfigurationName = Release;
		};
/* End XCConfigurationList section */
	};
	rootObject = 2829060A1E3D468C00C3A43E /* Project object */;
}
